
Microsoft Visual Studio Solution File, Format Version 12.00
# Visual Studio Version 16
VisualStudioVersion = 16.0.29519.87
MinimumVisualStudioVersion = 10.0.40219.1
Project("{9A19103F-16F7-4668-BE54-9A1E7A4F7556}") = "ClientService", "ClientService\ClientService.csproj", "{DE987212-B31A-4107-8F0E-B075CE296C9A}"
EndProject
Project("{E53339B2-1760-4266-BCC7-CA923CBCF16C}") = "docker-compose", "docker-compose.dcproj", "{8CEB6732-21B5-475E-AD95-C5849FD30E8F}"
EndProject
Global
	GlobalSection(SolutionConfigurationPlatforms) = preSolution
		Debug|Any CPU = Debug|Any CPU
		Release|Any CPU = Release|Any CPU
	EndGlobalSection
	GlobalSection(ProjectConfigurationPlatforms) = postSolution
		{DE987212-B31A-4107-8F0E-B075CE296C9A}.Debug|Any CPU.ActiveCfg = Debug|Any CPU
		{DE987212-B31A-4107-8F0E-B075CE296C9A}.Debug|Any CPU.Build.0 = Debug|Any CPU
		{DE987212-B31A-4107-8F0E-B075CE296C9A}.Release|Any CPU.ActiveCfg = Release|Any CPU
		{DE987212-B31A-4107-8F0E-B075CE296C9A}.Release|Any CPU.Build.0 = Release|Any CPU
		{8CEB6732-21B5-475E-AD95-C5849FD30E8F}.Debug|Any CPU.ActiveCfg = Debug|Any CPU
		{8CEB6732-21B5-475E-AD95-C5849FD30E8F}.Debug|Any CPU.Build.0 = Debug|Any CPU
		{8CEB6732-21B5-475E-AD95-C5849FD30E8F}.Release|Any CPU.ActiveCfg = Release|Any CPU
		{8CEB6732-21B5-475E-AD95-C5849FD30E8F}.Release|Any CPU.Build.0 = Release|Any CPU
	EndGlobalSection
	GlobalSection(SolutionProperties) = preSolution
		HideSolutionNode = FALSE
	EndGlobalSection
	GlobalSection(ExtensibilityGlobals) = postSolution
		SolutionGuid = {94CBEBA2-0788-4F0A-AEB7-0D6C60529A48}
	EndGlobalSection
EndGlobal
